
Microsoft Visual Studio Solution File, Format Version 12.00
# Visual Studio Version 17
VisualStudioVersion = 17.3.32825.248
MinimumVisualStudioVersion = 10.0.40219.1
Project("{8BC9CEB8-8B4A-11D0-8D11-00A0C91BC942}") = "Project1", "Project1.vcxproj", "{35181AD0-587F-45DD-B811-37BC1C54930F}"
EndProject
Global
	GlobalSection(SolutionConfigurationPlatforms) = preSolution
		Debug|x64 = Debug|x64
		Debug|x86 = Debug|x86
		Release|x64 = Release|x64
		Release|x86 = Release|x86
	EndGlobalSection
	GlobalSection(ProjectConfigurationPlatforms) = postSolution
		{35181AD0-587F-45DD-B811-37BC1C54930F}.Debug|x64.ActiveCfg = Debug|x64
		{35181AD0-587F-45DD-B811-37BC1C54930F}.Debug|x64.Build.0 = Debug|x64
		{35181AD0-587F-45DD-B811-37BC1C54930F}.Debug|x86.ActiveCfg = Debug|Win32
		{35181AD0-587F-45DD-B811-37BC1C54930F}.Debug|x86.Build.0 = Debug|Win32
		{35181AD0-587F-45DD-B811-37BC1C54930F}.Release|x64.ActiveCfg = Release|x64
		{35181AD0-587F-45DD-B811-37BC1C54930F}.Release|x64.Build.0 = Release|x64
		{35181AD0-587F-45DD-B811-37BC1C54930F}.Release|x86.ActiveCfg = Release|Win32
		{35181AD0-587F-45DD-B811-37BC1C54930F}.Release|x86.Build.0 = Release|Win32
	EndGlobalSection
	GlobalSection(SolutionProperties) = preSolution
		HideSolutionNode = FALSE
	EndGlobalSection
	GlobalSection(ExtensibilityGlobals) = postSolution
		SolutionGuid = {9BE8214A-2AD1-4741-8431-E6D0013AF753}
	EndGlobalSection
EndGlobal
